
Microsoft Visual Studio Solution File, Format Version 12.00
# Visual Studio Version 16
VisualStudioVersion = 16.0.31515.178
MinimumVisualStudioVersion = 10.0.40219.1
Project("{FAE04EC0-301F-11D3-BF4B-00C04F79EFBC}") = "CarCollection", "CarCollection\CarCollection.csproj", "{C90CF01F-3C9F-4D43-9763-4CF7697A853E}"
EndProject
Global
	GlobalSection(SolutionConfigurationPlatforms) = preSolution
		Debug|Any CPU = Debug|Any CPU
		Release|Any CPU = Release|Any CPU
	EndGlobalSection
	GlobalSection(ProjectConfigurationPlatforms) = postSolution
		{C90CF01F-3C9F-4D43-9763-4CF7697A853E}.Debug|Any CPU.ActiveCfg = Debug|Any CPU
		{C90CF01F-3C9F-4D43-9763-4CF7697A853E}.Debug|Any CPU.Build.0 = Debug|Any CPU
		{C90CF01F-3C9F-4D43-9763-4CF7697A853E}.Release|Any CPU.ActiveCfg = Release|Any CPU
		{C90CF01F-3C9F-4D43-9763-4CF7697A853E}.Release|Any CPU.Build.0 = Release|Any CPU
	EndGlobalSection
	GlobalSection(SolutionProperties) = preSolution
		HideSolutionNode = FALSE
	EndGlobalSection
	GlobalSection(ExtensibilityGlobals) = postSolution
		SolutionGuid = {EEC0975D-7384-4E61-8D69-F850726E72B8}
	EndGlobalSection
EndGlobal
